
Microsoft Visual Studio Solution File, Format Version 12.00
# Visual Studio Version 17
VisualStudioVersion = 17.14.36414.22 d17.14
MinimumVisualStudioVersion = 10.0.40219.1
Project("{FAE04EC0-301F-11D3-BF4B-00C04F79EFBC}") = "Questionnaire", "Questionnaire\Questionnaire.csproj", "{C3275DF1-C92A-42E2-96DA-FDD5B3A6ADF6}"
EndProject
Global
	GlobalSection(SolutionConfigurationPlatforms) = preSolution
		Debug|Any CPU = Debug|Any CPU
		Release|Any CPU = Release|Any CPU
	EndGlobalSection
	GlobalSection(ProjectConfigurationPlatforms) = postSolution
		{C3275DF1-C92A-42E2-96DA-FDD5B3A6ADF6}.Debug|Any CPU.ActiveCfg = Debug|Any CPU
		{C3275DF1-C92A-42E2-96DA-FDD5B3A6ADF6}.Debug|Any CPU.Build.0 = Debug|Any CPU
		{C3275DF1-C92A-42E2-96DA-FDD5B3A6ADF6}.Release|Any CPU.ActiveCfg = Release|Any CPU
		{C3275DF1-C92A-42E2-96DA-FDD5B3A6ADF6}.Release|Any CPU.Build.0 = Release|Any CPU
	EndGlobalSection
	GlobalSection(SolutionProperties) = preSolution
		HideSolutionNode = FALSE
	EndGlobalSection
	GlobalSection(ExtensibilityGlobals) = postSolution
		SolutionGuid = {6755240A-EA09-4DDD-95C9-0F6DBA5AE04F}
	EndGlobalSection
EndGlobal
